// !$*UTF8*$!
{
	archiveVersion = 1;
	classes = {
	};
	objectVersion = 51;
	objects = {

/* Begin PBXBuildFile section */
		1D43E27CE248724A04C445E7 /* Pods_tmAzurLane.framework in Frameworks */ = {isa = PBXBuildFile; fileRef = 70473F847578F62E66C7331A /* Pods_tmAzurLane.framework */; };
		416429AD24017734006535DC /* tmEquipmentBlueprintCategoryViewController.swift in Sources */ = {isa = PBXBuildFile; fileRef = 416429AB24017734006535DC /* tmEquipmentBlueprintCategoryViewController.swift */; };
		416429AE24017734006535DC /* tmEquipmentBlueprintCategoryViewController.xib in Resources */ = {isa = PBXBuildFile; fileRef = 416429AC24017734006535DC /* tmEquipmentBlueprintCategoryViewController.xib */; };
		416429B224017957006535DC /* tmEquipmentBlueprintCollectionViewCell.swift in Sources */ = {isa = PBXBuildFile; fileRef = 416429B024017957006535DC /* tmEquipmentBlueprintCollectionViewCell.swift */; };
		416429B324017957006535DC /* tmEquipmentBlueprintCollectionViewCell.xib in Resources */ = {isa = PBXBuildFile; fileRef = 416429B124017957006535DC /* tmEquipmentBlueprintCollectionViewCell.xib */; };
		41642EC824062ABF00F0E05A /* tmDefineFile.swift in Sources */ = {isa = PBXBuildFile; fileRef = 41642EC724062ABF00F0E05A /* tmDefineFile.swift */; };
		41642ECD240631E000F0E05A /* tmSearchViewControllerPresenter.swift in Sources */ = {isa = PBXBuildFile; fileRef = 41642ECC240631E000F0E05A /* tmSearchViewControllerPresenter.swift */; };
		41642ECF2406325400F0E05A /* tmSearchDelegate.swift in Sources */ = {isa = PBXBuildFile; fileRef = 41642ECE2406325400F0E05A /* tmSearchDelegate.swift */; };
		41642ED12406326200F0E05A /* tmSearchModel.swift in Sources */ = {isa = PBXBuildFile; fileRef = 41642ED02406326200F0E05A /* tmSearchModel.swift */; };
		41647C272404F8020096F30D /* Pictures.zip in Resources */ = {isa = PBXBuildFile; fileRef = 41647C262404F8020096F30D /* Pictures.zip */; };
		41647C2A2404F9AC0096F30D /* tmZipArchive.swift in Sources */ = {isa = PBXBuildFile; fileRef = 41647C292404F9AC0096F30D /* tmZipArchive.swift */; };
		416A2F172408E82E00D6C3A8 /* tmProfitPresenter.swift in Sources */ = {isa = PBXBuildFile; fileRef = 416A2F162408E82E00D6C3A8 /* tmProfitPresenter.swift */; };
		416A2F192408E84000D6C3A8 /* tmProfitModel.swift in Sources */ = {isa = PBXBuildFile; fileRef = 416A2F182408E84000D6C3A8 /* tmProfitModel.swift */; };
		416A2F1C2408EF4B00D6C3A8 /* tmProfitViewController.swift in Sources */ = {isa = PBXBuildFile; fileRef = 416A2F1A2408EF4B00D6C3A8 /* tmProfitViewController.swift */; };
		416A2F1D2408EF4B00D6C3A8 /* tmProfitViewController.xib in Resources */ = {isa = PBXBuildFile; fileRef = 416A2F1B2408EF4B00D6C3A8 /* tmProfitViewController.xib */; };
		416BEA9623FE417700FA9197 /* OpenCVMethods.mm in Sources */ = {isa = PBXBuildFile; fileRef = 416BEA9523FE417700FA9197 /* OpenCVMethods.mm */; };
		416BEA9823FE805B00FA9197 /* tmOOB.swift in Sources */ = {isa = PBXBuildFile; fileRef = 416BEA9723FE805B00FA9197 /* tmOOB.swift */; };
		416BEA9A23FE86D000FA9197 /* CoreGraphics.framework in Frameworks */ = {isa = PBXBuildFile; fileRef = 416BEA9923FE86D000FA9197 /* CoreGraphics.framework */; };
		416BEA9E23FE86F100FA9197 /* Foundation.framework in Frameworks */ = {isa = PBXBuildFile; fileRef = 416BEA9D23FE86F100FA9197 /* Foundation.framework */; };
		416BEAA023FE86FA00FA9197 /* UIKit.framework in Frameworks */ = {isa = PBXBuildFile; fileRef = 416BEA9F23FE86FA00FA9197 /* UIKit.framework */; };
		416BEAA223FE89E700FA9197 /* tmAL.db in Resources */ = {isa = PBXBuildFile; fileRef = 416BEAA123FE89E700FA9197 /* tmAL.db */; };
		417916E323FCE94E00D24C08 /* AppDelegate.swift in Sources */ = {isa = PBXBuildFile; fileRef = 417916E223FCE94E00D24C08 /* AppDelegate.swift */; };
		417916E523FCE94E00D24C08 /* SceneDelegate.swift in Sources */ = {isa = PBXBuildFile; fileRef = 417916E423FCE94E00D24C08 /* SceneDelegate.swift */; };
		417916E723FCE94E00D24C08 /* ContentView.swift in Sources */ = {isa = PBXBuildFile; fileRef = 417916E623FCE94E00D24C08 /* ContentView.swift */; };
		417916E923FCE95200D24C08 /* Assets.xcassets in Resources */ = {isa = PBXBuildFile; fileRef = 417916E823FCE95200D24C08 /* Assets.xcassets */; };
		417916EC23FCE95200D24C08 /* Preview Assets.xcassets in Resources */ = {isa = PBXBuildFile; fileRef = 417916EB23FCE95200D24C08 /* Preview Assets.xcassets */; };
		417916EF23FCE95200D24C08 /* LaunchScreen.storyboard in Resources */ = {isa = PBXBuildFile; fileRef = 417916ED23FCE95200D24C08 /* LaunchScreen.storyboard */; };
		417916FA23FCE95200D24C08 /* tmAzurLaneTests.swift in Sources */ = {isa = PBXBuildFile; fileRef = 417916F923FCE95200D24C08 /* tmAzurLaneTests.swift */; };
		4179170523FCE95200D24C08 /* tmAzurLaneUITests.swift in Sources */ = {isa = PBXBuildFile; fileRef = 4179170423FCE95200D24C08 /* tmAzurLaneUITests.swift */; };
		41B14374240210B90091AFE7 /* tmEquipmentBlueprintPresenter.swift in Sources */ = {isa = PBXBuildFile; fileRef = 41B14373240210B90091AFE7 /* tmEquipmentBlueprintPresenter.swift */; };
		41B14376240210D50091AFE7 /* tmEquipmentBlueprintDelegate.swift in Sources */ = {isa = PBXBuildFile; fileRef = 41B14375240210D50091AFE7 /* tmEquipmentBlueprintDelegate.swift */; };
		41B14378240210F20091AFE7 /* tmEquipmentBlueprintModel.swift in Sources */ = {isa = PBXBuildFile; fileRef = 41B14377240210F20091AFE7 /* tmEquipmentBlueprintModel.swift */; };
		41ED9B8823FFBB5700C40034 /* tmHeadView.swift in Sources */ = {isa = PBXBuildFile; fileRef = 41ED9B8723FFBB5700C40034 /* tmHeadView.swift */; };
		41ED9B8C23FFC02E00C40034 /* tmHeadView.xib in Resources */ = {isa = PBXBuildFile; fileRef = 41ED9B8B23FFC02E00C40034 /* tmHeadView.xib */; };
		41F740EB23FCEAC4004AAAE9 /* tmSearchViewController.xib in Resources */ = {isa = PBXBuildFile; fileRef = 41F740E523FCEAC4004AAAE9 /* tmSearchViewController.xib */; };
		41F740EC23FCEAC4004AAAE9 /* tmSearchTableViewCell.swift in Sources */ = {isa = PBXBuildFile; fileRef = 41F740E723FCEAC4004AAAE9 /* tmSearchTableViewCell.swift */; };
		41F740ED23FCEAC4004AAAE9 /* tmSearchTableViewCell.xib in Resources */ = {isa = PBXBuildFile; fileRef = 41F740E823FCEAC4004AAAE9 /* tmSearchTableViewCell.xib */; };
		41F740EE23FCEAC4004AAAE9 /* tmSearchViewController.swift in Sources */ = {isa = PBXBuildFile; fileRef = 41F740E923FCEAC4004AAAE9 /* tmSearchViewController.swift */; };
		41F740F023FCF1F0004AAAE9 /* tmDataBase.swift in Sources */ = {isa = PBXBuildFile; fileRef = 41F740EF23FCF1F0004AAAE9 /* tmDataBase.swift */; };
		B04BA84DD9F562C82C8583F0 /* Pods_tmAzurLaneTests.framework in Frameworks */ = {isa = PBXBuildFile; fileRef = C00E4C21DDD45447B75A9AC4 /* Pods_tmAzurLaneTests.framework */; };
		CFE44329F3BB341CF2F52E6B /* Pods_tmAzurLaneUITests.framework in Frameworks */ = {isa = PBXBuildFile; fileRef = 490D3A90E70B4A1D47F56144 /* Pods_tmAzurLaneUITests.framework */; };
/* End PBXBuildFile section */

/* Begin PBXContainerItemProxy section */
		417916F623FCE95200D24C08 /* PBXContainerItemProxy */ = {
			isa = PBXContainerItemProxy;
			containerPortal = 417916D723FCE94E00D24C08 /* Project object */;
			proxyType = 1;
			remoteGlobalIDString = 417916DE23FCE94E00D24C08;
			remoteInfo = tmAzurLane;
		};
		4179170123FCE95200D24C08 /* PBXContainerItemProxy */ = {
			isa = PBXContainerItemProxy;
			containerPortal = 417916D723FCE94E00D24C08 /* Project object */;
			proxyType = 1;
			remoteGlobalIDString = 417916DE23FCE94E00D24C08;
			remoteInfo = tmAzurLane;
		};
/* End PBXContainerItemProxy section */

/* Begin PBXFileReference section */
		2875070EDB5D8F884DDB5573 /* Pods-tmAzurLaneTests.release.xcconfig */ = {isa = PBXFileReference; includeInIndex = 1; lastKnownFileType = text.xcconfig; name = "Pods-tmAzurLaneTests.release.xcconfig"; path = "Target Support Files/Pods-tmAzurLaneTests/Pods-tmAzurLaneTests.release.xcconfig"; sourceTree = "<group>"; };
		416429AB24017734006535DC /* tmEquipmentBlueprintCategoryViewController.swift */ = {isa = PBXFileReference; lastKnownFileType = sourcecode.swift; path = tmEquipmentBlueprintCategoryViewController.swift; sourceTree = "<group>"; };
		416429AC24017734006535DC /* tmEquipmentBlueprintCategoryViewController.xib */ = {isa = PBXFileReference; lastKnownFileType = file.xib; path = tmEquipmentBlueprintCategoryViewController.xib; sourceTree = "<group>"; };
		416429B024017957006535DC /* tmEquipmentBlueprintCollectionViewCell.swift */ = {isa = PBXFileReference; lastKnownFileType = sourcecode.swift; path = tmEquipmentBlueprintCollectionViewCell.swift; sourceTree = "<group>"; };
		416429B124017957006535DC /* tmEquipmentBlueprintCollectionViewCell.xib */ = {isa = PBXFileReference; lastKnownFileType = file.xib; path = tmEquipmentBlueprintCollectionViewCell.xib; sourceTree = "<group>"; };
		41642EC724062ABF00F0E05A /* tmDefineFile.swift */ = {isa = PBXFileReference; lastKnownFileType = sourcecode.swift; path = tmDefineFile.swift; sourceTree = "<group>"; };
		41642ECC240631E000F0E05A /* tmSearchViewControllerPresenter.swift */ = {isa = PBXFileReference; lastKnownFileType = sourcecode.swift; path = tmSearchViewControllerPresenter.swift; sourceTree = "<group>"; };
		41642ECE2406325400F0E05A /* tmSearchDelegate.swift */ = {isa = PBXFileReference; lastKnownFileType = sourcecode.swift; path = tmSearchDelegate.swift; sourceTree = "<group>"; };
		41642ED02406326200F0E05A /* tmSearchModel.swift */ = {isa = PBXFileReference; lastKnownFileType = sourcecode.swift; path = tmSearchModel.swift; sourceTree = "<group>"; };
		41647C262404F8020096F30D /* Pictures.zip */ = {isa = PBXFileReference; lastKnownFileType = archive.zip; path = Pictures.zip; sourceTree = "<group>"; };
		41647C292404F9AC0096F30D /* tmZipArchive.swift */ = {isa = PBXFileReference; lastKnownFileType = sourcecode.swift; path = tmZipArchive.swift; sourceTree = "<group>"; };
		416A2F162408E82E00D6C3A8 /* tmProfitPresenter.swift */ = {isa = PBXFileReference; lastKnownFileType = sourcecode.swift; path = tmProfitPresenter.swift; sourceTree = "<group>"; };
		416A2F182408E84000D6C3A8 /* tmProfitModel.swift */ = {isa = PBXFileReference; lastKnownFileType = sourcecode.swift; path = tmProfitModel.swift; sourceTree = "<group>"; };
		416A2F1A2408EF4B00D6C3A8 /* tmProfitViewController.swift */ = {isa = PBXFileReference; lastKnownFileType = sourcecode.swift; path = tmProfitViewController.swift; sourceTree = "<group>"; };
		416A2F1B2408EF4B00D6C3A8 /* tmProfitViewController.xib */ = {isa = PBXFileReference; lastKnownFileType = file.xib; path = tmProfitViewController.xib; sourceTree = "<group>"; };
		416BEA8E23FE401500FA9197 /* AssetsLibrary.framework */ = {isa = PBXFileReference; lastKnownFileType = wrapper.framework; name = AssetsLibrary.framework; path = System/Library/Frameworks/AssetsLibrary.framework; sourceTree = SDKROOT; };
		416BEA9023FE402100FA9197 /* CoreMedia.framework */ = {isa = PBXFileReference; lastKnownFileType = wrapper.framework; name = CoreMedia.framework; path = System/Library/Frameworks/CoreMedia.framework; sourceTree = SDKROOT; };
		416BEA9223FE402E00FA9197 /* CoreVideo.framework */ = {isa = PBXFileReference; lastKnownFileType = wrapper.framework; name = CoreVideo.framework; path = System/Library/Frameworks/CoreVideo.framework; sourceTree = SDKROOT; };
		416BEA9423FE417700FA9197 /* OpenCVMethods.h */ = {isa = PBXFileReference; lastKnownFileType = sourcecode.c.h; path = OpenCVMethods.h; sourceTree = "<group>"; };
		416BEA9523FE417700FA9197 /* OpenCVMethods.mm */ = {isa = PBXFileReference; lastKnownFileType = sourcecode.cpp.objcpp; path = OpenCVMethods.mm; sourceTree = "<group>"; };
		416BEA9723FE805B00FA9197 /* tmOOB.swift */ = {isa = PBXFileReference; lastKnownFileType = sourcecode.swift; path = tmOOB.swift; sourceTree = "<group>"; };
		416BEA9923FE86D000FA9197 /* CoreGraphics.framework */ = {isa = PBXFileReference; lastKnownFileType = wrapper.framework; name = CoreGraphics.framework; path = System/Library/Frameworks/CoreGraphics.framework; sourceTree = SDKROOT; };
		416BEA9B23FE86E400FA9197 /* CoreFoundation.framework */ = {isa = PBXFileReference; lastKnownFileType = wrapper.framework; name = CoreFoundation.framework; path = System/Library/Frameworks/CoreFoundation.framework; sourceTree = SDKROOT; };
		416BEA9D23FE86F100FA9197 /* Foundation.framework */ = {isa = PBXFileReference; lastKnownFileType = wrapper.framework; name = Foundation.framework; path = System/Library/Frameworks/Foundation.framework; sourceTree = SDKROOT; };
		416BEA9F23FE86FA00FA9197 /* UIKit.framework */ = {isa = PBXFileReference; lastKnownFileType = wrapper.framework; name = UIKit.framework; path = System/Library/Frameworks/UIKit.framework; sourceTree = SDKROOT; };
		416BEAA123FE89E700FA9197 /* tmAL.db */ = {isa = PBXFileReference; lastKnownFileType = file; path = tmAL.db; sourceTree = "<group>"; };
		417916DF23FCE94E00D24C08 /* tmAzurLane.app */ = {isa = PBXFileReference; explicitFileType = wrapper.application; includeInIndex = 0; path = tmAzurLane.app; sourceTree = BUILT_PRODUCTS_DIR; };
		417916E223FCE94E00D24C08 /* AppDelegate.swift */ = {isa = PBXFileReference; lastKnownFileType = sourcecode.swift; path = AppDelegate.swift; sourceTree = "<group>"; };
		417916E423FCE94E00D24C08 /* SceneDelegate.swift */ = {isa = PBXFileReference; lastKnownFileType = sourcecode.swift; path = SceneDelegate.swift; sourceTree = "<group>"; };
		417916E623FCE94E00D24C08 /* ContentView.swift */ = {isa = PBXFileReference; lastKnownFileType = sourcecode.swift; path = ContentView.swift; sourceTree = "<group>"; };
		417916E823FCE95200D24C08 /* Assets.xcassets */ = {isa = PBXFileReference; lastKnownFileType = folder.assetcatalog; path = Assets.xcassets; sourceTree = "<group>"; };
		417916EB23FCE95200D24C08 /* Preview Assets.xcassets */ = {isa = PBXFileReference; lastKnownFileType = folder.assetcatalog; path = "Preview Assets.xcassets"; sourceTree = "<group>"; };
		417916EE23FCE95200D24C08 /* Base */ = {isa = PBXFileReference; lastKnownFileType = file.storyboard; name = Base; path = Base.lproj/LaunchScreen.storyboard; sourceTree = "<group>"; };
		417916F023FCE95200D24C08 /* Info.plist */ = {isa = PBXFileReference; lastKnownFileType = text.plist.xml; path = Info.plist; sourceTree = "<group>"; };
		417916F523FCE95200D24C08 /* tmAzurLaneTests.xctest */ = {isa = PBXFileReference; explicitFileType = wrapper.cfbundle; includeInIndex = 0; path = tmAzurLaneTests.xctest; sourceTree = BUILT_PRODUCTS_DIR; };
		417916F923FCE95200D24C08 /* tmAzurLaneTests.swift */ = {isa = PBXFileReference; lastKnownFileType = sourcecode.swift; path = tmAzurLaneTests.swift; sourceTree = "<group>"; };
		417916FB23FCE95200D24C08 /* Info.plist */ = {isa = PBXFileReference; lastKnownFileType = text.plist.xml; path = Info.plist; sourceTree = "<group>"; };
		4179170023FCE95200D24C08 /* tmAzurLaneUITests.xctest */ = {isa = PBXFileReference; explicitFileType = wrapper.cfbundle; includeInIndex = 0; path = tmAzurLaneUITests.xctest; sourceTree = BUILT_PRODUCTS_DIR; };
		4179170423FCE95200D24C08 /* tmAzurLaneUITests.swift */ = {isa = PBXFileReference; lastKnownFileType = sourcecode.swift; path = tmAzurLaneUITests.swift; sourceTree = "<group>"; };
		4179170623FCE95200D24C08 /* Info.plist */ = {isa = PBXFileReference; lastKnownFileType = text.plist.xml; path = Info.plist; sourceTree = "<group>"; };
		41B14373240210B90091AFE7 /* tmEquipmentBlueprintPresenter.swift */ = {isa = PBXFileReference; lastKnownFileType = sourcecode.swift; path = tmEquipmentBlueprintPresenter.swift; sourceTree = "<group>"; };
		41B14375240210D50091AFE7 /* tmEquipmentBlueprintDelegate.swift */ = {isa = PBXFileReference; lastKnownFileType = sourcecode.swift; path = tmEquipmentBlueprintDelegate.swift; sourceTree = "<group>"; };
		41B14377240210F20091AFE7 /* tmEquipmentBlueprintModel.swift */ = {isa = PBXFileReference; lastKnownFileType = sourcecode.swift; path = tmEquipmentBlueprintModel.swift; sourceTree = "<group>"; };
		41ED9B8723FFBB5700C40034 /* tmHeadView.swift */ = {isa = PBXFileReference; lastKnownFileType = sourcecode.swift; path = tmHeadView.swift; sourceTree = "<group>"; };
		41ED9B8B23FFC02E00C40034 /* tmHeadView.xib */ = {isa = PBXFileReference; lastKnownFileType = file.xib; path = tmHeadView.xib; sourceTree = "<group>"; };
		41F740E523FCEAC4004AAAE9 /* tmSearchViewController.xib */ = {isa = PBXFileReference; fileEncoding = 4; lastKnownFileType = file.xib; path = tmSearchViewController.xib; sourceTree = "<group>"; };
		41F740E723FCEAC4004AAAE9 /* tmSearchTableViewCell.swift */ = {isa = PBXFileReference; fileEncoding = 4; lastKnownFileType = sourcecode.swift; path = tmSearchTableViewCell.swift; sourceTree = "<group>"; };
		41F740E823FCEAC4004AAAE9 /* tmSearchTableViewCell.xib */ = {isa = PBXFileReference; fileEncoding = 4; lastKnownFileType = file.xib; path = tmSearchTableViewCell.xib; sourceTree = "<group>"; };
		41F740E923FCEAC4004AAAE9 /* tmSearchViewController.swift */ = {isa = PBXFileReference; fileEncoding = 4; lastKnownFileType = sourcecode.swift; path = tmSearchViewController.swift; sourceTree = "<group>"; };
		41F740EF23FCF1F0004AAAE9 /* tmDataBase.swift */ = {isa = PBXFileReference; lastKnownFileType = sourcecode.swift; path = tmDataBase.swift; sourceTree = "<group>"; };
		41F740F323FD031E004AAAE9 /* bridging.h */ = {isa = PBXFileReference; lastKnownFileType = sourcecode.c.h; path = bridging.h; sourceTree = "<group>"; };
		490D3A90E70B4A1D47F56144 /* Pods_tmAzurLaneUITests.framework */ = {isa = PBXFileReference; explicitFileType = wrapper.framework; includeInIndex = 0; path = Pods_tmAzurLaneUITests.framework; sourceTree = BUILT_PRODUCTS_DIR; };
		54DD9FE874B92E3C484F8DAF /* Pods-tmAzurLaneUITests.release.xcconfig */ = {isa = PBXFileReference; includeInIndex = 1; lastKnownFileType = text.xcconfig; name = "Pods-tmAzurLaneUITests.release.xcconfig"; path = "Target Support Files/Pods-tmAzurLaneUITests/Pods-tmAzurLaneUITests.release.xcconfig"; sourceTree = "<group>"; };
		68C6488A6544DD0F6C0240D5 /* Pods-tmAzurLane.debug.xcconfig */ = {isa = PBXFileReference; includeInIndex = 1; lastKnownFileType = text.xcconfig; name = "Pods-tmAzurLane.debug.xcconfig"; path = "Target Support Files/Pods-tmAzurLane/Pods-tmAzurLane.debug.xcconfig"; sourceTree = "<group>"; };
		70473F847578F62E66C7331A /* Pods_tmAzurLane.framework */ = {isa = PBXFileReference; explicitFileType = wrapper.framework; includeInIndex = 0; path = Pods_tmAzurLane.framework; sourceTree = BUILT_PRODUCTS_DIR; };
		934B537BF5A5203DA66BEBCD /* Pods-tmAzurLane.release.xcconfig */ = {isa = PBXFileReference; includeInIndex = 1; lastKnownFileType = text.xcconfig; name = "Pods-tmAzurLane.release.xcconfig"; path = "Target Support Files/Pods-tmAzurLane/Pods-tmAzurLane.release.xcconfig"; sourceTree = "<group>"; };
		C00E4C21DDD45447B75A9AC4 /* Pods_tmAzurLaneTests.framework */ = {isa = PBXFileReference; explicitFileType = wrapper.framework; includeInIndex = 0; path = Pods_tmAzurLaneTests.framework; sourceTree = BUILT_PRODUCTS_DIR; };
		D1EE9875A91AEED593FE5482 /* Pods-tmAzurLaneTests.debug.xcconfig */ = {isa = PBXFileReference; includeInIndex = 1; lastKnownFileType = text.xcconfig; name = "Pods-tmAzurLaneTests.debug.xcconfig"; path = "Target Support Files/Pods-tmAzurLaneTests/Pods-tmAzurLaneTests.debug.xcconfig"; sourceTree = "<group>"; };
		FC0DE5360A6CD3FA203AE3D0 /* Pods-tmAzurLaneUITests.debug.xcconfig */ = {isa = PBXFileReference; includeInIndex = 1; lastKnownFileType = text.xcconfig; name = "Pods-tmAzurLaneUITests.debug.xcconfig"; path = "Target Support Files/Pods-tmAzurLaneUITests/Pods-tmAzurLaneUITests.debug.xcconfig"; sourceTree = "<group>"; };
/* End PBXFileReference section */

/* Begin PBXFrameworksBuildPhase section */
		417916DC23FCE94E00D24C08 /* Frameworks */ = {
			isa = PBXFrameworksBuildPhase;
			buildActionMask = 2147483647;
			files = (
				416BEAA023FE86FA00FA9197 /* UIKit.framework in Frameworks */,
				416BEA9E23FE86F100FA9197 /* Foundation.framework in Frameworks */,
				416BEA9A23FE86D000FA9197 /* CoreGraphics.framework in Frameworks */,
				1D43E27CE248724A04C445E7 /* Pods_tmAzurLane.framework in Frameworks */,
			);
			runOnlyForDeploymentPostprocessing = 0;
		};
		417916F223FCE95200D24C08 /* Frameworks */ = {
			isa = PBXFrameworksBuildPhase;
			buildActionMask = 2147483647;
			files = (
				B04BA84DD9F562C82C8583F0 /* Pods_tmAzurLaneTests.framework in Frameworks */,
			);
			runOnlyForDeploymentPostprocessing = 0;
		};
		417916FD23FCE95200D24C08 /* Frameworks */ = {
			isa = PBXFrameworksBuildPhase;
			buildActionMask = 2147483647;
			files = (
				CFE44329F3BB341CF2F52E6B /* Pods_tmAzurLaneUITests.framework in Frameworks */,
			);
			runOnlyForDeploymentPostprocessing = 0;
		};
/* End PBXFrameworksBuildPhase section */

/* Begin PBXGroup section */
		416429AA2401765B006535DC /* Category */ = {
			isa = PBXGroup;
			children = (
				41B14372240210070091AFE7 /* Protocol */,
				41B1437124020FFB0091AFE7 /* Presenter */,
				41B1437024020FF30091AFE7 /* Model */,
				416429AF2401791F006535DC /* CustomViewCell */,
				416429AB24017734006535DC /* tmEquipmentBlueprintCategoryViewController.swift */,
				416429AC24017734006535DC /* tmEquipmentBlueprintCategoryViewController.xib */,
			);
			path = Category;
			sourceTree = "<group>";
		};
		416429AF2401791F006535DC /* CustomViewCell */ = {
			isa = PBXGroup;
			children = (
				416429B024017957006535DC /* tmEquipmentBlueprintCollectionViewCell.swift */,
				416429B124017957006535DC /* tmEquipmentBlueprintCollectionViewCell.xib */,
			);
			path = CustomViewCell;
			sourceTree = "<group>";
		};
		41642EC624062A9200F0E05A /* DefineFile */ = {
			isa = PBXGroup;
			children = (
				41642EC724062ABF00F0E05A /* tmDefineFile.swift */,
			);
			path = DefineFile;
			sourceTree = "<group>";
		};
		41642EC92406319600F0E05A /* Presenter */ = {
			isa = PBXGroup;
			children = (
				41642ECC240631E000F0E05A /* tmSearchViewControllerPresenter.swift */,
			);
			path = Presenter;
			sourceTree = "<group>";
		};
		41642ECA240631A200F0E05A /* Protocol */ = {
			isa = PBXGroup;
			children = (
				41642ECE2406325400F0E05A /* tmSearchDelegate.swift */,
			);
			path = Protocol;
			sourceTree = "<group>";
		};
		41642ECB240631AE00F0E05A /* Model */ = {
			isa = PBXGroup;
			children = (
				41642ED02406326200F0E05A /* tmSearchModel.swift */,
			);
			path = Model;
			sourceTree = "<group>";
		};
		41647C282404F9910096F30D /* ZipArchive */ = {
			isa = PBXGroup;
			children = (
				41647C292404F9AC0096F30D /* tmZipArchive.swift */,
			);
			path = ZipArchive;
			sourceTree = "<group>";
		};
		416A2F122408E7F200D6C3A8 /* Presenter */ = {
			isa = PBXGroup;
			children = (
				416A2F162408E82E00D6C3A8 /* tmProfitPresenter.swift */,
			);
			path = Presenter;
			sourceTree = "<group>";
		};
		416A2F132408E7F500D6C3A8 /* Model */ = {
			isa = PBXGroup;
			children = (
				416A2F182408E84000D6C3A8 /* tmProfitModel.swift */,
			);
			path = Model;
			sourceTree = "<group>";
		};
		416A2F1E2408F21C00D6C3A8 /* ViewCell */ = {
			isa = PBXGroup;
			children = (
			);
			path = ViewCell;
			sourceTree = "<group>";
		};
		416A2F1F2408F28400D6C3A8 /* ProfitDetail */ = {
			isa = PBXGroup;
			children = (
			);
			path = ProfitDetail;
			sourceTree = "<group>";
		};
		416BEA8B23FE3DB200FA9197 /* OpenCVMethod */ = {
			isa = PBXGroup;
			children = (
				416BEA9423FE417700FA9197 /* OpenCVMethods.h */,
				416BEA9523FE417700FA9197 /* OpenCVMethods.mm */,
				416BEA9723FE805B00FA9197 /* tmOOB.swift */,
			);
			path = OpenCVMethod;
			sourceTree = "<group>";
		};
		416D18872407BBE7004981C1 /* Profit */ = {
			isa = PBXGroup;
			children = (
				416A2F1E2408F21C00D6C3A8 /* ViewCell */,
				416A2F132408E7F500D6C3A8 /* Model */,
				416A2F122408E7F200D6C3A8 /* Presenter */,
				416D18882407BC0A004981C1 /* View */,
			);
			path = Profit;
			sourceTree = "<group>";
		};
		416D18882407BC0A004981C1 /* View */ = {
			isa = PBXGroup;
			children = (
				416A2F1A2408EF4B00D6C3A8 /* tmProfitViewController.swift */,
				416A2F1B2408EF4B00D6C3A8 /* tmProfitViewController.xib */,
			);
			path = View;
			sourceTree = "<group>";
		};
		417916D623FCE94E00D24C08 = {
			isa = PBXGroup;
			children = (
				41647C262404F8020096F30D /* Pictures.zip */,
				416BEAA123FE89E700FA9197 /* tmAL.db */,
				417916E123FCE94E00D24C08 /* tmAzurLane */,
				417916F823FCE95200D24C08 /* tmAzurLaneTests */,
				4179170323FCE95200D24C08 /* tmAzurLaneUITests */,
				417916E023FCE94E00D24C08 /* Products */,
				6CCC92B7F15DB7A9B90D667B /* Pods */,
				422CDDE26720EE4B3A788E89 /* Frameworks */,
			);
			sourceTree = "<group>";
		};
		417916E023FCE94E00D24C08 /* Products */ = {
			isa = PBXGroup;
			children = (
				417916DF23FCE94E00D24C08 /* tmAzurLane.app */,
				417916F523FCE95200D24C08 /* tmAzurLaneTests.xctest */,
				4179170023FCE95200D24C08 /* tmAzurLaneUITests.xctest */,
			);
			name = Products;
			sourceTree = "<group>";
		};
		417916E123FCE94E00D24C08 /* tmAzurLane */ = {
			isa = PBXGroup;
			children = (
				41642EC624062A9200F0E05A /* DefineFile */,
				41647C282404F9910096F30D /* ZipArchive */,
				416BEA8B23FE3DB200FA9197 /* OpenCVMethod */,
				41F740F223FD02EC004AAAE9 /* Bridge */,
				41F740EA23FCEAC4004AAAE9 /* Database */,
				416429AA2401765B006535DC /* Category */,
				41F740E423FCEAC4004AAAE9 /* HomePage */,
				416D18872407BBE7004981C1 /* Profit */,
				416A2F1F2408F28400D6C3A8 /* ProfitDetail */,
				417916E223FCE94E00D24C08 /* AppDelegate.swift */,
				417916E423FCE94E00D24C08 /* SceneDelegate.swift */,
				417916E623FCE94E00D24C08 /* ContentView.swift */,
				417916E823FCE95200D24C08 /* Assets.xcassets */,
				417916ED23FCE95200D24C08 /* LaunchScreen.storyboard */,
				417916F023FCE95200D24C08 /* Info.plist */,
				417916EA23FCE95200D24C08 /* Preview Content */,
			);
			path = tmAzurLane;
			sourceTree = "<group>";
		};
		417916EA23FCE95200D24C08 /* Preview Content */ = {
			isa = PBXGroup;
			children = (
				417916EB23FCE95200D24C08 /* Preview Assets.xcassets */,
			);
			path = "Preview Content";
			sourceTree = "<group>";
		};
		417916F823FCE95200D24C08 /* tmAzurLaneTests */ = {
			isa = PBXGroup;
			children = (
				417916F923FCE95200D24C08 /* tmAzurLaneTests.swift */,
				417916FB23FCE95200D24C08 /* Info.plist */,
			);
			path = tmAzurLaneTests;
			sourceTree = "<group>";
		};
		4179170323FCE95200D24C08 /* tmAzurLaneUITests */ = {
			isa = PBXGroup;
			children = (
				4179170423FCE95200D24C08 /* tmAzurLaneUITests.swift */,
				4179170623FCE95200D24C08 /* Info.plist */,
			);
			path = tmAzurLaneUITests;
			sourceTree = "<group>";
		};
		41B1437024020FF30091AFE7 /* Model */ = {
			isa = PBXGroup;
			children = (
				41B14377240210F20091AFE7 /* tmEquipmentBlueprintModel.swift */,
			);
			path = Model;
			sourceTree = "<group>";
		};
		41B1437124020FFB0091AFE7 /* Presenter */ = {
			isa = PBXGroup;
			children = (
				41B14373240210B90091AFE7 /* tmEquipmentBlueprintPresenter.swift */,
			);
			path = Presenter;
			sourceTree = "<group>";
		};
		41B14372240210070091AFE7 /* Protocol */ = {
			isa = PBXGroup;
			children = (
				41B14375240210D50091AFE7 /* tmEquipmentBlueprintDelegate.swift */,
			);
			path = Protocol;
			sourceTree = "<group>";
		};
		41ED9B8623FFBB2300C40034 /* HeadView */ = {
			isa = PBXGroup;
			children = (
				41ED9B8723FFBB5700C40034 /* tmHeadView.swift */,
				41ED9B8B23FFC02E00C40034 /* tmHeadView.xib */,
			);
			path = HeadView;
			sourceTree = "<group>";
		};
		41F740E423FCEAC4004AAAE9 /* HomePage */ = {
			isa = PBXGroup;
			children = (
				41642ECB240631AE00F0E05A /* Model */,
				41642ECA240631A200F0E05A /* Protocol */,
				41642EC92406319600F0E05A /* Presenter */,
				41F740E623FCEAC4004AAAE9 /* CustomViewCell */,
				41ED9B8623FFBB2300C40034 /* HeadView */,
				41F740E923FCEAC4004AAAE9 /* tmSearchViewController.swift */,
				41F740E523FCEAC4004AAAE9 /* tmSearchViewController.xib */,
			);
			path = HomePage;
			sourceTree = "<group>";
		};
		41F740E623FCEAC4004AAAE9 /* CustomViewCell */ = {
			isa = PBXGroup;
			children = (
				41F740E723FCEAC4004AAAE9 /* tmSearchTableViewCell.swift */,
				41F740E823FCEAC4004AAAE9 /* tmSearchTableViewCell.xib */,
			);
			path = CustomViewCell;
			sourceTree = "<group>";
		};
		41F740EA23FCEAC4004AAAE9 /* Database */ = {
			isa = PBXGroup;
			children = (
				41F740EF23FCF1F0004AAAE9 /* tmDataBase.swift */,
			);
			path = Database;
			sourceTree = "<group>";
		};
		41F740F223FD02EC004AAAE9 /* Bridge */ = {
			isa = PBXGroup;
			children = (
				41F740F323FD031E004AAAE9 /* bridging.h */,
			);
			path = Bridge;
			sourceTree = "<group>";
		};
		422CDDE26720EE4B3A788E89 /* Frameworks */ = {
			isa = PBXGroup;
			children = (
				416BEA9F23FE86FA00FA9197 /* UIKit.framework */,
				416BEA9D23FE86F100FA9197 /* Foundation.framework */,
				416BEA9B23FE86E400FA9197 /* CoreFoundation.framework */,
				416BEA9923FE86D000FA9197 /* CoreGraphics.framework */,
				416BEA9223FE402E00FA9197 /* CoreVideo.framework */,
				416BEA9023FE402100FA9197 /* CoreMedia.framework */,
				416BEA8E23FE401500FA9197 /* AssetsLibrary.framework */,
				70473F847578F62E66C7331A /* Pods_tmAzurLane.framework */,
				C00E4C21DDD45447B75A9AC4 /* Pods_tmAzurLaneTests.framework */,
				490D3A90E70B4A1D47F56144 /* Pods_tmAzurLaneUITests.framework */,
			);
			name = Frameworks;
			sourceTree = "<group>";
		};
		6CCC92B7F15DB7A9B90D667B /* Pods */ = {
			isa = PBXGroup;
			children = (
				68C6488A6544DD0F6C0240D5 /* Pods-tmAzurLane.debug.xcconfig */,
				934B537BF5A5203DA66BEBCD /* Pods-tmAzurLane.release.xcconfig */,
				D1EE9875A91AEED593FE5482 /* Pods-tmAzurLaneTests.debug.xcconfig */,
				2875070EDB5D8F884DDB5573 /* Pods-tmAzurLaneTests.release.xcconfig */,
				FC0DE5360A6CD3FA203AE3D0 /* Pods-tmAzurLaneUITests.debug.xcconfig */,
				54DD9FE874B92E3C484F8DAF /* Pods-tmAzurLaneUITests.release.xcconfig */,
			);
			path = Pods;
			sourceTree = "<group>";
		};
/* End PBXGroup section */

/* Begin PBXNativeTarget section */
		417916DE23FCE94E00D24C08 /* tmAzurLane */ = {
			isa = PBXNativeTarget;
			buildConfigurationList = 4179170923FCE95200D24C08 /* Build configuration list for PBXNativeTarget "tmAzurLane" */;
			buildPhases = (
				CAD9C79CE9FED917DAF792C3 /* [CP] Check Pods Manifest.lock */,
				417916DB23FCE94E00D24C08 /* Sources */,
				417916DC23FCE94E00D24C08 /* Frameworks */,
				417916DD23FCE94E00D24C08 /* Resources */,
				AED91BF63BD7A640D01DFD03 /* [CP] Embed Pods Frameworks */,
			);
			buildRules = (
			);
			dependencies = (
			);
			name = tmAzurLane;
			productName = tmAzurLane;
			productReference = 417916DF23FCE94E00D24C08 /* tmAzurLane.app */;
			productType = "com.apple.product-type.application";
		};
		417916F423FCE95200D24C08 /* tmAzurLaneTests */ = {
			isa = PBXNativeTarget;
			buildConfigurationList = 4179170C23FCE95200D24C08 /* Build configuration list for PBXNativeTarget "tmAzurLaneTests" */;
			buildPhases = (
				3DAA055A89CA6BA77625BD30 /* [CP] Check Pods Manifest.lock */,
				417916F123FCE95200D24C08 /* Sources */,
				417916F223FCE95200D24C08 /* Frameworks */,
				417916F323FCE95200D24C08 /* Resources */,
			);
			buildRules = (
			);
			dependencies = (
				417916F723FCE95200D24C08 /* PBXTargetDependency */,
			);
			name = tmAzurLaneTests;
			productName = tmAzurLaneTests;
			productReference = 417916F523FCE95200D24C08 /* tmAzurLaneTests.xctest */;
			productType = "com.apple.product-type.bundle.unit-test";
		};
		417916FF23FCE95200D24C08 /* tmAzurLaneUITests */ = {
			isa = PBXNativeTarget;
			buildConfigurationList = 4179170F23FCE95200D24C08 /* Build configuration list for PBXNativeTarget "tmAzurLaneUITests" */;
			buildPhases = (
				F504534530790FDE3568C949 /* [CP] Check Pods Manifest.lock */,
				417916FC23FCE95200D24C08 /* Sources */,
				417916FD23FCE95200D24C08 /* Frameworks */,
				417916FE23FCE95200D24C08 /* Resources */,
			);
			buildRules = (
			);
			dependencies = (
				4179170223FCE95200D24C08 /* PBXTargetDependency */,
			);
			name = tmAzurLaneUITests;
			productName = tmAzurLaneUITests;
			productReference = 4179170023FCE95200D24C08 /* tmAzurLaneUITests.xctest */;
			productType = "com.apple.product-type.bundle.ui-testing";
		};
/* End PBXNativeTarget section */

/* Begin PBXProject section */
		417916D723FCE94E00D24C08 /* Project object */ = {
			isa = PBXProject;
			attributes = {
				LastSwiftUpdateCheck = 1130;
				LastUpgradeCheck = 1130;
				ORGANIZATIONNAME = tumao;
				TargetAttributes = {
					417916DE23FCE94E00D24C08 = {
						CreatedOnToolsVersion = 11.3.1;
					};
					417916F423FCE95200D24C08 = {
						CreatedOnToolsVersion = 11.3.1;
						TestTargetID = 417916DE23FCE94E00D24C08;
					};
					417916FF23FCE95200D24C08 = {
						CreatedOnToolsVersion = 11.3.1;
						TestTargetID = 417916DE23FCE94E00D24C08;
					};
				};
			};
			buildConfigurationList = 417916DA23FCE94E00D24C08 /* Build configuration list for PBXProject "tmAzurLane" */;
			compatibilityVersion = "Xcode 9.3";
			developmentRegion = en;
			hasScannedForEncodings = 0;
			knownRegions = (
				en,
				Base,
			);
			mainGroup = 417916D623FCE94E00D24C08;
			productRefGroup = 417916E023FCE94E00D24C08 /* Products */;
			projectDirPath = "";
			projectRoot = "";
			targets = (
				417916DE23FCE94E00D24C08 /* tmAzurLane */,
				417916F423FCE95200D24C08 /* tmAzurLaneTests */,
				417916FF23FCE95200D24C08 /* tmAzurLaneUITests */,
			);
		};
/* End PBXProject section */

/* Begin PBXResourcesBuildPhase section */
		417916DD23FCE94E00D24C08 /* Resources */ = {
			isa = PBXResourcesBuildPhase;
			buildActionMask = 2147483647;
			files = (
				41647C272404F8020096F30D /* Pictures.zip in Resources */,
				417916EF23FCE95200D24C08 /* LaunchScreen.storyboard in Resources */,
				41F740ED23FCEAC4004AAAE9 /* tmSearchTableViewCell.xib in Resources */,
				416429B324017957006535DC /* tmEquipmentBlueprintCollectionViewCell.xib in Resources */,
				416429AE24017734006535DC /* tmEquipmentBlueprintCategoryViewController.xib in Resources */,
				41F740EB23FCEAC4004AAAE9 /* tmSearchViewController.xib in Resources */,
				416A2F1D2408EF4B00D6C3A8 /* tmProfitViewController.xib in Resources */,
				416BEAA223FE89E700FA9197 /* tmAL.db in Resources */,
				41ED9B8C23FFC02E00C40034 /* tmHeadView.xib in Resources */,
				417916EC23FCE95200D24C08 /* Preview Assets.xcassets in Resources */,
				417916E923FCE95200D24C08 /* Assets.xcassets in Resources */,
			);
			runOnlyForDeploymentPostprocessing = 0;
		};
		417916F323FCE95200D24C08 /* Resources */ = {
			isa = PBXResourcesBuildPhase;
			buildActionMask = 2147483647;
			files = (
			);
			runOnlyForDeploymentPostprocessing = 0;
		};
		417916FE23FCE95200D24C08 /* Resources */ = {
			isa = PBXResourcesBuildPhase;
			buildActionMask = 2147483647;
			files = (
			);
			runOnlyForDeploymentPostprocessing = 0;
		};
/* End PBXResourcesBuildPhase section */

/* Begin PBXShellScriptBuildPhase section */
		3DAA055A89CA6BA77625BD30 /* [CP] Check Pods Manifest.lock */ = {
			isa = PBXShellScriptBuildPhase;
			buildActionMask = 2147483647;
			files = (
			);
			inputFileListPaths = (
			);
			inputPaths = (
				"${PODS_PODFILE_DIR_PATH}/Podfile.lock",
				"${PODS_ROOT}/Manifest.lock",
			);
			name = "[CP] Check Pods Manifest.lock";
			outputFileListPaths = (
			);
			outputPaths = (
				"$(DERIVED_FILE_DIR)/Pods-tmAzurLaneTests-checkManifestLockResult.txt",
			);
			runOnlyForDeploymentPostprocessing = 0;
			shellPath = /bin/sh;
			shellScript = "diff \"${PODS_PODFILE_DIR_PATH}/Podfile.lock\" \"${PODS_ROOT}/Manifest.lock\" > /dev/null\nif [ $? != 0 ] ; then\n    # print error to STDERR\n    echo \"error: The sandbox is not in sync with the Podfile.lock. Run 'pod install' or update your CocoaPods installation.\" >&2\n    exit 1\nfi\n# This output is used by Xcode 'outputs' to avoid re-running this script phase.\necho \"SUCCESS\" > \"${SCRIPT_OUTPUT_FILE_0}\"\n";
			showEnvVarsInLog = 0;
		};
		AED91BF63BD7A640D01DFD03 /* [CP] Embed Pods Frameworks */ = {
			isa = PBXShellScriptBuildPhase;
			buildActionMask = 2147483647;
			files = (
			);
			inputFileListPaths = (
				"${PODS_ROOT}/Target Support Files/Pods-tmAzurLane/Pods-tmAzurLane-frameworks-${CONFIGURATION}-input-files.xcfilelist",
			);
			name = "[CP] Embed Pods Frameworks";
			outputFileListPaths = (
				"${PODS_ROOT}/Target Support Files/Pods-tmAzurLane/Pods-tmAzurLane-frameworks-${CONFIGURATION}-output-files.xcfilelist",
			);
			runOnlyForDeploymentPostprocessing = 0;
			shellPath = /bin/sh;
			shellScript = "\"${PODS_ROOT}/Target Support Files/Pods-tmAzurLane/Pods-tmAzurLane-frameworks.sh\"\n";
			showEnvVarsInLog = 0;
		};
		CAD9C79CE9FED917DAF792C3 /* [CP] Check Pods Manifest.lock */ = {
			isa = PBXShellScriptBuildPhase;
			buildActionMask = 2147483647;
			files = (
			);
			inputFileListPaths = (
			);
			inputPaths = (
				"${PODS_PODFILE_DIR_PATH}/Podfile.lock",
				"${PODS_ROOT}/Manifest.lock",
			);
			name = "[CP] Check Pods Manifest.lock";
			outputFileListPaths = (
			);
			outputPaths = (
				"$(DERIVED_FILE_DIR)/Pods-tmAzurLane-checkManifestLockResult.txt",
			);
			runOnlyForDeploymentPostprocessing = 0;
			shellPath = /bin/sh;
			shellScript = "diff \"${PODS_PODFILE_DIR_PATH}/Podfile.lock\" \"${PODS_ROOT}/Manifest.lock\" > /dev/null\nif [ $? != 0 ] ; then\n    # print error to STDERR\n    echo \"error: The sandbox is not in sync with the Podfile.lock. Run 'pod install' or update your CocoaPods installation.\" >&2\n    exit 1\nfi\n# This output is used by Xcode 'outputs' to avoid re-running this script phase.\necho \"SUCCESS\" > \"${SCRIPT_OUTPUT_FILE_0}\"\n";
			showEnvVarsInLog = 0;
		};
		F504534530790FDE3568C949 /* [CP] Check Pods Manifest.lock */ = {
			isa = PBXShellScriptBuildPhase;
			buildActionMask = 2147483647;
			files = (
			);
			inputFileListPaths = (
			);
			inputPaths = (
				"${PODS_PODFILE_DIR_PATH}/Podfile.lock",
				"${PODS_ROOT}/Manifest.lock",
			);
			name = "[CP] Check Pods Manifest.lock";
			outputFileListPaths = (
			);
			outputPaths = (
				"$(DERIVED_FILE_DIR)/Pods-tmAzurLaneUITests-checkManifestLockResult.txt",
			);
			runOnlyForDeploymentPostprocessing = 0;
			shellPath = /bin/sh;
			shellScript = "diff \"${PODS_PODFILE_DIR_PATH}/Podfile.lock\" \"${PODS_ROOT}/Manifest.lock\" > /dev/null\nif [ $? != 0 ] ; then\n    # print error to STDERR\n    echo \"error: The sandbox is not in sync with the Podfile.lock. Run 'pod install' or update your CocoaPods installation.\" >&2\n    exit 1\nfi\n# This output is used by Xcode 'outputs' to avoid re-running this script phase.\necho \"SUCCESS\" > \"${SCRIPT_OUTPUT_FILE_0}\"\n";
			showEnvVarsInLog = 0;
		};
/* End PBXShellScriptBuildPhase section */

/* Begin PBXSourcesBuildPhase section */
		417916DB23FCE94E00D24C08 /* Sources */ = {
			isa = PBXSourcesBuildPhase;
			buildActionMask = 2147483647;
			files = (
				416429AD24017734006535DC /* tmEquipmentBlueprintCategoryViewController.swift in Sources */,
				41B14378240210F20091AFE7 /* tmEquipmentBlueprintModel.swift in Sources */,
				41F740EE23FCEAC4004AAAE9 /* tmSearchViewController.swift in Sources */,
				416BEA9623FE417700FA9197 /* OpenCVMethods.mm in Sources */,
				41642ED12406326200F0E05A /* tmSearchModel.swift in Sources */,
				41B14376240210D50091AFE7 /* tmEquipmentBlueprintDelegate.swift in Sources */,
				41F740F023FCF1F0004AAAE9 /* tmDataBase.swift in Sources */,
				41B14374240210B90091AFE7 /* tmEquipmentBlueprintPresenter.swift in Sources */,
				41F740EC23FCEAC4004AAAE9 /* tmSearchTableViewCell.swift in Sources */,
				416A2F172408E82E00D6C3A8 /* tmProfitPresenter.swift in Sources */,
				417916E323FCE94E00D24C08 /* AppDelegate.swift in Sources */,
				41642EC824062ABF00F0E05A /* tmDefineFile.swift in Sources */,
				417916E523FCE94E00D24C08 /* SceneDelegate.swift in Sources */,
				417916E723FCE94E00D24C08 /* ContentView.swift in Sources */,
				41ED9B8823FFBB5700C40034 /* tmHeadView.swift in Sources */,
				416429B224017957006535DC /* tmEquipmentBlueprintCollectionViewCell.swift in Sources */,
				416BEA9823FE805B00FA9197 /* tmOOB.swift in Sources */,
				416A2F192408E84000D6C3A8 /* tmProfitModel.swift in Sources */,
				41642ECF2406325400F0E05A /* tmSearchDelegate.swift in Sources */,
				41642ECD240631E000F0E05A /* tmSearchViewControllerPresenter.swift in Sources */,
				416A2F1C2408EF4B00D6C3A8 /* tmProfitViewController.swift in Sources */,
				41647C2A2404F9AC0096F30D /* tmZipArchive.swift in Sources */,
			);
			runOnlyForDeploymentPostprocessing = 0;
		};
		417916F123FCE95200D24C08 /* Sources */ = {
			isa = PBXSourcesBuildPhase;
			buildActionMask = 2147483647;
			files = (
				417916FA23FCE95200D24C08 /* tmAzurLaneTests.swift in Sources */,
			);
			runOnlyForDeploymentPostprocessing = 0;
		};
		417916FC23FCE95200D24C08 /* Sources */ = {
			isa = PBXSourcesBuildPhase;
			buildActionMask = 2147483647;
			files = (
				4179170523FCE95200D24C08 /* tmAzurLaneUITests.swift in Sources */,
			);
			runOnlyForDeploymentPostprocessing = 0;
		};
/* End PBXSourcesBuildPhase section */

/* Begin PBXTargetDependency section */
		417916F723FCE95200D24C08 /* PBXTargetDependency */ = {
			isa = PBXTargetDependency;
			target = 417916DE23FCE94E00D24C08 /* tmAzurLane */;
			targetProxy = 417916F623FCE95200D24C08 /* PBXContainerItemProxy */;
		};
		4179170223FCE95200D24C08 /* PBXTargetDependency */ = {
			isa = PBXTargetDependency;
			target = 417916DE23FCE94E00D24C08 /* tmAzurLane */;
			targetProxy = 4179170123FCE95200D24C08 /* PBXContainerItemProxy */;
		};
/* End PBXTargetDependency section */

/* Begin PBXVariantGroup section */
		417916ED23FCE95200D24C08 /* LaunchScreen.storyboard */ = {
			isa = PBXVariantGroup;
			children = (
				417916EE23FCE95200D24C08 /* Base */,
			);
			name = LaunchScreen.storyboard;
			sourceTree = "<group>";
		};
/* End PBXVariantGroup section */

/* Begin XCBuildConfiguration section */
		4179170723FCE95200D24C08 /* Debug */ = {
			isa = XCBuildConfiguration;
			buildSettings = {
				ALWAYS_SEARCH_USER_PATHS = NO;
				CLANG_ANALYZER_NONNULL = YES;
				CLANG_ANALYZER_NUMBER_OBJECT_CONVERSION = YES_AGGRESSIVE;
				CLANG_CXX_LANGUAGE_STANDARD = "gnu++14";
				CLANG_CXX_LIBRARY = "libc++";
				CLANG_ENABLE_MODULES = YES;
				CLANG_ENABLE_OBJC_ARC = YES;
				CLANG_ENABLE_OBJC_WEAK = YES;
				CLANG_WARN_BLOCK_CAPTURE_AUTORELEASING = YES;
				CLANG_WARN_BOOL_CONVERSION = YES;
				CLANG_WARN_COMMA = YES;
				CLANG_WARN_CONSTANT_CONVERSION = YES;
				CLANG_WARN_DEPRECATED_OBJC_IMPLEMENTATIONS = YES;
				CLANG_WARN_DIRECT_OBJC_ISA_USAGE = YES_ERROR;
				CLANG_WARN_DOCUMENTATION_COMMENTS = YES;
				CLANG_WARN_EMPTY_BODY = YES;
				CLANG_WARN_ENUM_CONVERSION = YES;
				CLANG_WARN_INFINITE_RECURSION = YES;
				CLANG_WARN_INT_CONVERSION = YES;
				CLANG_WARN_NON_LITERAL_NULL_CONVERSION = YES;
				CLANG_WARN_OBJC_IMPLICIT_RETAIN_SELF = YES;
				CLANG_WARN_OBJC_LITERAL_CONVERSION = YES;
				CLANG_WARN_OBJC_ROOT_CLASS = YES_ERROR;
				CLANG_WARN_RANGE_LOOP_ANALYSIS = YES;
				CLANG_WARN_STRICT_PROTOTYPES = YES;
				CLANG_WARN_SUSPICIOUS_MOVE = YES;
				CLANG_WARN_UNGUARDED_AVAILABILITY = YES_AGGRESSIVE;
				CLANG_WARN_UNREACHABLE_CODE = YES;
				CLANG_WARN__DUPLICATE_METHOD_MATCH = YES;
				COPY_PHASE_STRIP = NO;
				DEBUG_INFORMATION_FORMAT = dwarf;
				ENABLE_STRICT_OBJC_MSGSEND = YES;
				ENABLE_TESTABILITY = YES;
				GCC_C_LANGUAGE_STANDARD = gnu11;
				GCC_DYNAMIC_NO_PIC = NO;
				GCC_NO_COMMON_BLOCKS = YES;
				GCC_OPTIMIZATION_LEVEL = 0;
				GCC_PREPROCESSOR_DEFINITIONS = (
					"DEBUG=1",
					"$(inherited)",
				);
				GCC_WARN_64_TO_32_BIT_CONVERSION = YES;
				GCC_WARN_ABOUT_RETURN_TYPE = YES_ERROR;
				GCC_WARN_UNDECLARED_SELECTOR = YES;
				GCC_WARN_UNINITIALIZED_AUTOS = YES_AGGRESSIVE;
				GCC_WARN_UNUSED_FUNCTION = YES;
				GCC_WARN_UNUSED_VARIABLE = YES;
				IPHONEOS_DEPLOYMENT_TARGET = 13.2;
				MTL_ENABLE_DEBUG_INFO = INCLUDE_SOURCE;
				MTL_FAST_MATH = YES;
				ONLY_ACTIVE_ARCH = YES;
				SDKROOT = iphoneos;
				SWIFT_ACTIVE_COMPILATION_CONDITIONS = DEBUG;
				SWIFT_OPTIMIZATION_LEVEL = "-Onone";
			};
			name = Debug;
		};
		4179170823FCE95200D24C08 /* Release */ = {
			isa = XCBuildConfiguration;
			buildSettings = {
				ALWAYS_SEARCH_USER_PATHS = NO;
				CLANG_ANALYZER_NONNULL = YES;
				CLANG_ANALYZER_NUMBER_OBJECT_CONVERSION = YES_AGGRESSIVE;
				CLANG_CXX_LANGUAGE_STANDARD = "gnu++14";
				CLANG_CXX_LIBRARY = "libc++";
				CLANG_ENABLE_MODULES = YES;
				CLANG_ENABLE_OBJC_ARC = YES;
				CLANG_ENABLE_OBJC_WEAK = YES;
				CLANG_WARN_BLOCK_CAPTURE_AUTORELEASING = YES;
				CLANG_WARN_BOOL_CONVERSION = YES;
				CLANG_WARN_COMMA = YES;
				CLANG_WARN_CONSTANT_CONVERSION = YES;
				CLANG_WARN_DEPRECATED_OBJC_IMPLEMENTATIONS = YES;
				CLANG_WARN_DIRECT_OBJC_ISA_USAGE = YES_ERROR;
				CLANG_WARN_DOCUMENTATION_COMMENTS = YES;
				CLANG_WARN_EMPTY_BODY = YES;
				CLANG_WARN_ENUM_CONVERSION = YES;
				CLANG_WARN_INFINITE_RECURSION = YES;
				CLANG_WARN_INT_CONVERSION = YES;
				CLANG_WARN_NON_LITERAL_NULL_CONVERSION = YES;
				CLANG_WARN_OBJC_IMPLICIT_RETAIN_SELF = YES;
				CLANG_WARN_OBJC_LITERAL_CONVERSION = YES;
				CLANG_WARN_OBJC_ROOT_CLASS = YES_ERROR;
				CLANG_WARN_RANGE_LOOP_ANALYSIS = YES;
				CLANG_WARN_STRICT_PROTOTYPES = YES;
				CLANG_WARN_SUSPICIOUS_MOVE = YES;
				CLANG_WARN_UNGUARDED_AVAILABILITY = YES_AGGRESSIVE;
				CLANG_WARN_UNREACHABLE_CODE = YES;
				CLANG_WARN__DUPLICATE_METHOD_MATCH = YES;
				COPY_PHASE_STRIP = NO;
				DEBUG_INFORMATION_FORMAT = "dwarf-with-dsym";
				ENABLE_NS_ASSERTIONS = NO;
				ENABLE_STRICT_OBJC_MSGSEND = YES;
				GCC_C_LANGUAGE_STANDARD = gnu11;
				GCC_NO_COMMON_BLOCKS = YES;
				GCC_WARN_64_TO_32_BIT_CONVERSION = YES;
				GCC_WARN_ABOUT_RETURN_TYPE = YES_ERROR;
				GCC_WARN_UNDECLARED_SELECTOR = YES;
				GCC_WARN_UNINITIALIZED_AUTOS = YES_AGGRESSIVE;
				GCC_WARN_UNUSED_FUNCTION = YES;
				GCC_WARN_UNUSED_VARIABLE = YES;
				IPHONEOS_DEPLOYMENT_TARGET = 13.2;
				MTL_ENABLE_DEBUG_INFO = NO;
				MTL_FAST_MATH = YES;
				SDKROOT = iphoneos;
				SWIFT_COMPILATION_MODE = wholemodule;
				SWIFT_OPTIMIZATION_LEVEL = "-O";
				VALIDATE_PRODUCT = YES;
			};
			name = Release;
		};
		4179170A23FCE95200D24C08 /* Debug */ = {
			isa = XCBuildConfiguration;
			baseConfigurationReference = 68C6488A6544DD0F6C0240D5 /* Pods-tmAzurLane.debug.xcconfig */;
			buildSettings = {
				ASSETCATALOG_COMPILER_APPICON_NAME = AppIcon;
				CODE_SIGN_STYLE = Automatic;
				DEVELOPMENT_ASSET_PATHS = "\"tmAzurLane/Preview Content\"";
				DEVELOPMENT_TEAM = XL6XKUMDT7;
				ENABLE_PREVIEWS = YES;
				INFOPLIST_FILE = tmAzurLane/Info.plist;
				LD_RUNPATH_SEARCH_PATHS = (
					"$(inherited)",
					"@executable_path/Frameworks",
				);
				MACH_O_TYPE = mh_execute;
				PRODUCT_BUNDLE_IDENTIFIER = com.tumao.tmAzurLane;
				PRODUCT_NAME = "$(TARGET_NAME)";
				SWIFT_OBJC_BRIDGING_HEADER = tmAzurLane/Bridge/bridging.h;
				SWIFT_VERSION = 5.0;
				TARGETED_DEVICE_FAMILY = 1;
			};
			name = Debug;
		};
		4179170B23FCE95200D24C08 /* Release */ = {
			isa = XCBuildConfiguration;
			baseConfigurationReference = 934B537BF5A5203DA66BEBCD /* Pods-tmAzurLane.release.xcconfig */;
			buildSettings = {
				ASSETCATALOG_COMPILER_APPICON_NAME = AppIcon;
				CODE_SIGN_STYLE = Automatic;
				DEVELOPMENT_ASSET_PATHS = "\"tmAzurLane/Preview Content\"";
				DEVELOPMENT_TEAM = XL6XKUMDT7;
				ENABLE_PREVIEWS = YES;
				INFOPLIST_FILE = tmAzurLane/Info.plist;
				LD_RUNPATH_SEARCH_PATHS = (
					"$(inherited)",
					"@executable_path/Frameworks",
				);
				MACH_O_TYPE = mh_execute;
				PRODUCT_BUNDLE_IDENTIFIER = com.tumao.tmAzurLane;
				PRODUCT_NAME = "$(TARGET_NAME)";
				SWIFT_OBJC_BRIDGING_HEADER = tmAzurLane/Bridge/bridging.h;
				SWIFT_VERSION = 5.0;
				TARGETED_DEVICE_FAMILY = 1;
			};
			name = Release;
		};
		4179170D23FCE95200D24C08 /* Debug */ = {
			isa = XCBuildConfiguration;
			baseConfigurationReference = D1EE9875A91AEED593FE5482 /* Pods-tmAzurLaneTests.debug.xcconfig */;
			buildSettings = {
				ALWAYS_EMBED_SWIFT_STANDARD_LIBRARIES = YES;
				BUNDLE_LOADER = "$(TEST_HOST)";
				CODE_SIGN_STYLE = Automatic;
				DEVELOPMENT_TEAM = XL6XKUMDT7;
				INFOPLIST_FILE = tmAzurLaneTests/Info.plist;
				IPHONEOS_DEPLOYMENT_TARGET = 13.2;
				LD_RUNPATH_SEARCH_PATHS = (
					"$(inherited)",
					"@executable_path/Frameworks",
					"@loader_path/Frameworks",
				);
				PRODUCT_BUNDLE_IDENTIFIER = com.tumao.tmAzurLaneTests;
				PRODUCT_NAME = "$(TARGET_NAME)";
				SWIFT_VERSION = 5.0;
				TARGETED_DEVICE_FAMILY = "1,2";
				TEST_HOST = "$(BUILT_PRODUCTS_DIR)/tmAzurLane.app/tmAzurLane";
			};
			name = Debug;
		};
		4179170E23FCE95200D24C08 /* Release */ = {
			isa = XCBuildConfiguration;
			baseConfigurationReference = 2875070EDB5D8F884DDB5573 /* Pods-tmAzurLaneTests.release.xcconfig */;
			buildSettings = {
				ALWAYS_EMBED_SWIFT_STANDARD_LIBRARIES = YES;
				BUNDLE_LOADER = "$(TEST_HOST)";
				CODE_SIGN_STYLE = Automatic;
				DEVELOPMENT_TEAM = XL6XKUMDT7;
				INFOPLIST_FILE = tmAzurLaneTests/Info.plist;
				IPHONEOS_DEPLOYMENT_TARGET = 13.2;
				LD_RUNPATH_SEARCH_PATHS = (
					"$(inherited)",
					"@executable_path/Frameworks",
					"@loader_path/Frameworks",
				);
				PRODUCT_BUNDLE_IDENTIFIER = com.tumao.tmAzurLaneTests;
				PRODUCT_NAME = "$(TARGET_NAME)";
				SWIFT_VERSION = 5.0;
				TARGETED_DEVICE_FAMILY = "1,2";
				TEST_HOST = "$(BUILT_PRODUCTS_DIR)/tmAzurLane.app/tmAzurLane";
			};
			name = Release;
		};
		4179171023FCE95200D24C08 /* Debug */ = {
			isa = XCBuildConfiguration;
			baseConfigurationReference = FC0DE5360A6CD3FA203AE3D0 /* Pods-tmAzurLaneUITests.debug.xcconfig */;
			buildSettings = {
				ALWAYS_EMBED_SWIFT_STANDARD_LIBRARIES = YES;
				CODE_SIGN_STYLE = Automatic;
				DEVELOPMENT_TEAM = XL6XKUMDT7;
				INFOPLIST_FILE = tmAzurLaneUITests/Info.plist;
				LD_RUNPATH_SEARCH_PATHS = (
					"$(inherited)",
					"@executable_path/Frameworks",
					"@loader_path/Frameworks",
				);
				PRODUCT_BUNDLE_IDENTIFIER = com.tumao.tmAzurLaneUITests;
				PRODUCT_NAME = "$(TARGET_NAME)";
				SWIFT_VERSION = 5.0;
				TARGETED_DEVICE_FAMILY = "1,2";
				TEST_TARGET_NAME = tmAzurLane;
			};
			name = Debug;
		};
		4179171123FCE95200D24C08 /* Release */ = {
			isa = XCBuildConfiguration;
			baseConfigurationReference = 54DD9FE874B92E3C484F8DAF /* Pods-tmAzurLaneUITests.release.xcconfig */;
			buildSettings = {
				ALWAYS_EMBED_SWIFT_STANDARD_LIBRARIES = YES;
				CODE_SIGN_STYLE = Automatic;
				DEVELOPMENT_TEAM = XL6XKUMDT7;
				INFOPLIST_FILE = tmAzurLaneUITests/Info.plist;
				LD_RUNPATH_SEARCH_PATHS = (
					"$(inherited)",
					"@executable_path/Frameworks",
					"@loader_path/Frameworks",
				);
				PRODUCT_BUNDLE_IDENTIFIER = com.tumao.tmAzurLaneUITests;
				PRODUCT_NAME = "$(TARGET_NAME)";
				SWIFT_VERSION = 5.0;
				TARGETED_DEVICE_FAMILY = "1,2";
				TEST_TARGET_NAME = tmAzurLane;
			};
			name = Release;
		};
/* End XCBuildConfiguration section */

/* Begin XCConfigurationList section */
		417916DA23FCE94E00D24C08 /* Build configuration list for PBXProject "tmAzurLane" */ = {
			isa = XCConfigurationList;
			buildConfigurations = (
				4179170723FCE95200D24C08 /* Debug */,
				4179170823FCE95200D24C08 /* Release */,
			);
			defaultConfigurationIsVisible = 0;
			defaultConfigurationName = Release;
		};
		4179170923FCE95200D24C08 /* Build configuration list for PBXNativeTarget "tmAzurLane" */ = {
			isa = XCConfigurationList;
			buildConfigurations = (
				4179170A23FCE95200D24C08 /* Debug */,
				4179170B23FCE95200D24C08 /* Release */,
			);
			defaultConfigurationIsVisible = 0;
			defaultConfigurationName = Release;
		};
		4179170C23FCE95200D24C08 /* Build configuration list for PBXNativeTarget "tmAzurLaneTests" */ = {
			isa = XCConfigurationList;
			buildConfigurations = (
				4179170D23FCE95200D24C08 /* Debug */,
				4179170E23FCE95200D24C08 /* Release */,
			);
			defaultConfigurationIsVisible = 0;
			defaultConfigurationName = Release;
		};
		4179170F23FCE95200D24C08 /* Build configuration list for PBXNativeTarget "tmAzurLaneUITests" */ = {
			isa = XCConfigurationList;
			buildConfigurations = (
				4179171023FCE95200D24C08 /* Debug */,
				4179171123FCE95200D24C08 /* Release */,
			);
			defaultConfigurationIsVisible = 0;
			defaultConfigurationName = Release;
		};
/* End XCConfigurationList section */
	};
	rootObject = 417916D723FCE94E00D24C08 /* Project object */;
}
